
Microsoft Visual Studio Solution File, Format Version 12.00
# Visual Studio 15
VisualStudioVersion = 15.0.27428.2002
MinimumVisualStudioVersion = 10.0.40219.1
Project("{F184B08F-C81C-45F6-A57F-5ABD9991F28F}") = "SwatInc.Inventory", "SwatInc.Inventory\SwatInc.Inventory.vbproj", "{B725C8C0-F133-4F09-AAD3-9C09652EE05C}"
EndProject
Global
	GlobalSection(SolutionConfigurationPlatforms) = preSolution
		Debug|Any CPU = Debug|Any CPU
		Release|Any CPU = Release|Any CPU
	EndGlobalSection
	GlobalSection(ProjectConfigurationPlatforms) = postSolution
		{B725C8C0-F133-4F09-AAD3-9C09652EE05C}.Debug|Any CPU.ActiveCfg = Debug|Any CPU
		{B725C8C0-F133-4F09-AAD3-9C09652EE05C}.Debug|Any CPU.Build.0 = Debug|Any CPU
		{B725C8C0-F133-4F09-AAD3-9C09652EE05C}.Release|Any CPU.ActiveCfg = Release|Any CPU
		{B725C8C0-F133-4F09-AAD3-9C09652EE05C}.Release|Any CPU.Build.0 = Release|Any CPU
	EndGlobalSection
	GlobalSection(SolutionProperties) = preSolution
		HideSolutionNode = FALSE
	EndGlobalSection
	GlobalSection(ExtensibilityGlobals) = postSolution
		SolutionGuid = {BF0CEE32-E146-40F5-95B2-ECD6B7453C19}
	EndGlobalSection
EndGlobal
